{
  "name": "apartment-rental-rails",
  "version": "0.1.0",
  "lockfileVersion": 2,
  "requires": true,
  "packages": {
    "": {
      "name": "apartment-rental-rails",
      "version": "0.1.0",
      "dependencies": {
        "@rails/actioncable": "^6.0.0",
        "@rails/activestorage": "^6.0.0",
        "@rails/ujs": "^6.0.0",
        "mdb-ui-kit": "^6.0.0",
        "turbolinks": "^5.2.0"
      }
    },
    "node_modules/@rails/actioncable": {
      "version": "6.1.7",
      "resolved": "https://registry.npmjs.org/@rails/actioncable/-/actioncable-6.1.7.tgz",
      "integrity": "sha512-F6S74NGpxhbbDRFsQFGYqefRfZPgYvePNtz9hHKYOqLturrsqrDoG+UcrxEGHsvqDUorMYfx4Wl3K8smmk/u2g=="
    },
    "node_modules/@rails/activestorage": {
      "version": "6.1.7",
      "resolved": "https://registry.npmjs.org/@rails/activestorage/-/activestorage-6.1.7.tgz",
      "integrity": "sha512-h++k8LBLns4O8AqzdaFp1TsCLP9VSc2hgWI37bjzJ+4D995X7Rd8kdkRmXRaNAUlHDJgy6RpnbhBJ5oiIgWTDw==",
      "dependencies": {
        "spark-md5": "^3.0.0"
      }
    },
    "node_modules/@rails/ujs": {
      "version": "6.1.7",
      "resolved": "https://registry.npmjs.org/@rails/ujs/-/ujs-6.1.7.tgz",
      "integrity": "sha512-0e7WQ4LE/+LEfW2zfAw9ppsB6A8RmxbdAUPAF++UT80epY+7emuQDkKXmaK0a9lp6An50RvzezI0cIQjp1A58w=="
    },
    "node_modules/mdb-ui-kit": {
      "version": "6.0.0",
      "resolved": "https://registry.npmjs.org/mdb-ui-kit/-/mdb-ui-kit-6.0.0.tgz",
      "integrity": "sha512-m6pj1VPnNlz7NPJtDzrDyzi+na2mYg/z/THHzUeqdGoOOtnSAcpOgdQBGuRzOyPO5QWeg7uDuf3RdIOZL3PnFw=="
    },
    "node_modules/spark-md5": {
      "version": "3.0.2",
      "resolved": "https://registry.npmjs.org/spark-md5/-/spark-md5-3.0.2.tgz",
      "integrity": "sha512-wcFzz9cDfbuqe0FZzfi2or1sgyIrsDwmPwfZC4hiNidPdPINjeUwNfv5kldczoEAcjl9Y1L3SM7Uz2PUEQzxQw=="
    },
    "node_modules/turbolinks": {
      "version": "5.2.0",
      "resolved": "https://registry.npmjs.org/turbolinks/-/turbolinks-5.2.0.tgz",
      "integrity": "sha512-pMiez3tyBo6uRHFNNZoYMmrES/IaGgMhQQM+VFF36keryjb5ms0XkVpmKHkfW/4Vy96qiGW3K9bz0tF5sK9bBw=="
    }
  },
  "dependencies": {
    "@rails/actioncable": {
      "version": "6.1.7",
      "resolved": "https://registry.npmjs.org/@rails/actioncable/-/actioncable-6.1.7.tgz",
      "integrity": "sha512-F6S74NGpxhbbDRFsQFGYqefRfZPgYvePNtz9hHKYOqLturrsqrDoG+UcrxEGHsvqDUorMYfx4Wl3K8smmk/u2g=="
    },
    "@rails/activestorage": {
      "version": "6.1.7",
      "resolved": "https://registry.npmjs.org/@rails/activestorage/-/activestorage-6.1.7.tgz",
      "integrity": "sha512-h++k8LBLns4O8AqzdaFp1TsCLP9VSc2hgWI37bjzJ+4D995X7Rd8kdkRmXRaNAUlHDJgy6RpnbhBJ5oiIgWTDw==",
      "requires": {
        "spark-md5": "^3.0.0"
      }
    },
    "@rails/ujs": {
      "version": "6.1.7",
      "resolved": "https://registry.npmjs.org/@rails/ujs/-/ujs-6.1.7.tgz",
      "integrity": "sha512-0e7WQ4LE/+LEfW2zfAw9ppsB6A8RmxbdAUPAF++UT80epY+7emuQDkKXmaK0a9lp6An50RvzezI0cIQjp1A58w=="
    },
    "mdb-ui-kit": {
      "version": "6.0.0",
      "resolved": "https://registry.npmjs.org/mdb-ui-kit/-/mdb-ui-kit-6.0.0.tgz",
      "integrity": "sha512-m6pj1VPnNlz7NPJtDzrDyzi+na2mYg/z/THHzUeqdGoOOtnSAcpOgdQBGuRzOyPO5QWeg7uDuf3RdIOZL3PnFw=="
    },
    "spark-md5": {
      "version": "3.0.2",
      "resolved": "https://registry.npmjs.org/spark-md5/-/spark-md5-3.0.2.tgz",
      "integrity": "sha512-wcFzz9cDfbuqe0FZzfi2or1sgyIrsDwmPwfZC4hiNidPdPINjeUwNfv5kldczoEAcjl9Y1L3SM7Uz2PUEQzxQw=="
    },
    "turbolinks": {
      "version": "5.2.0",
      "resolved": "https://registry.npmjs.org/turbolinks/-/turbolinks-5.2.0.tgz",
      "integrity": "sha512-pMiez3tyBo6uRHFNNZoYMmrES/IaGgMhQQM+VFF36keryjb5ms0XkVpmKHkfW/4Vy96qiGW3K9bz0tF5sK9bBw=="
    }
  }
}
